// !$*UTF8*$!
{
	archiveVersion = 1;
	classes = {
	};
	objectVersion = 56;
	objects = {

/* Begin PBXBuildFile section */
		EE1F9CAE29A1794900C04048 /* CheckoutStyle.swift in Sources */ = {isa = PBXBuildFile; fileRef = EE1F9CAD29A1794900C04048 /* CheckoutStyle.swift */; };
		EE1F9CB129A17F6800C04048 /* CheckoutList.swift in Sources */ = {isa = PBXBuildFile; fileRef = EE1F9CB029A17F6800C04048 /* CheckoutList.swift */; };
		EE1F9CB329A188AB00C04048 /* ProductGroupCell.swift in Sources */ = {isa = PBXBuildFile; fileRef = EE1F9CB229A188AB00C04048 /* ProductGroupCell.swift */; };
		EED116EA29A04549009D939E /* CabifyChallengeTCAApp.swift in Sources */ = {isa = PBXBuildFile; fileRef = EED116E929A04549009D939E /* CabifyChallengeTCAApp.swift */; };
		EED116EE29A0454A009D939E /* Assets.xcassets in Resources */ = {isa = PBXBuildFile; fileRef = EED116ED29A0454A009D939E /* Assets.xcassets */; };
		EED116F129A0454A009D939E /* Preview Assets.xcassets in Resources */ = {isa = PBXBuildFile; fileRef = EED116F029A0454A009D939E /* Preview Assets.xcassets */; };
		EED116FB29A0454A009D939E /* CabifyChallengeTCATests.swift in Sources */ = {isa = PBXBuildFile; fileRef = EED116FA29A0454A009D939E /* CabifyChallengeTCATests.swift */; };
		EED1171529A04603009D939E /* ComposableArchitecture in Frameworks */ = {isa = PBXBuildFile; productRef = EED1171429A04603009D939E /* ComposableArchitecture */; };
		EED1171729A04A54009D939E /* PlusMinusButtonDomain.swift in Sources */ = {isa = PBXBuildFile; fileRef = EED1171629A04A54009D939E /* PlusMinusButtonDomain.swift */; };
		EED1171929A0DE4A009D939E /* PlusMinusButton.swift in Sources */ = {isa = PBXBuildFile; fileRef = EED1171829A0DE4A009D939E /* PlusMinusButton.swift */; };
		EED1172029A0E409009D939E /* Product.swift in Sources */ = {isa = PBXBuildFile; fileRef = EED1171F29A0E409009D939E /* Product.swift */; };
		EED1172429A0E43A009D939E /* Discount.swift in Sources */ = {isa = PBXBuildFile; fileRef = EED1172329A0E43A009D939E /* Discount.swift */; };
		EED1172629A0E444009D939E /* Bulk.swift in Sources */ = {isa = PBXBuildFile; fileRef = EED1172529A0E444009D939E /* Bulk.swift */; };
		EED1172A29A0E45D009D939E /* TwoForOne.swift in Sources */ = {isa = PBXBuildFile; fileRef = EED1172929A0E45D009D939E /* TwoForOne.swift */; };
		EED1172D29A0E4BC009D939E /* ProductDomain.swift in Sources */ = {isa = PBXBuildFile; fileRef = EED1172C29A0E4BC009D939E /* ProductDomain.swift */; };
		EED1172F29A0E8A6009D939E /* ProductCell.swift in Sources */ = {isa = PBXBuildFile; fileRef = EED1172E29A0E8A6009D939E /* ProductCell.swift */; };
		EED1173129A0E97B009D939E /* MockFactory.swift in Sources */ = {isa = PBXBuildFile; fileRef = EED1173029A0E97B009D939E /* MockFactory.swift */; };
		EED1173329A0E9F8009D939E /* Extensions.swift in Sources */ = {isa = PBXBuildFile; fileRef = EED1173229A0E9F8009D939E /* Extensions.swift */; };
		EED1173629A0F70D009D939E /* ProductListDomain.swift in Sources */ = {isa = PBXBuildFile; fileRef = EED1173529A0F70D009D939E /* ProductListDomain.swift */; };
		EED1173829A104EC009D939E /* ProductListView.swift in Sources */ = {isa = PBXBuildFile; fileRef = EED1173729A104EC009D939E /* ProductListView.swift */; };
		EED1173B29A14446009D939E /* CheckoutListDomain.swift in Sources */ = {isa = PBXBuildFile; fileRef = EED1173A29A14446009D939E /* CheckoutListDomain.swift */; };
		EED1173D29A144F7009D939E /* ProductGroup.swift in Sources */ = {isa = PBXBuildFile; fileRef = EED1173C29A144F7009D939E /* ProductGroup.swift */; };
		EED1174029A14678009D939E /* ProductGroupDomain.swift in Sources */ = {isa = PBXBuildFile; fileRef = EED1173F29A14678009D939E /* ProductGroupDomain.swift */; };
/* End PBXBuildFile section */

/* Begin PBXContainerItemProxy section */
		EED116F729A0454A009D939E /* PBXContainerItemProxy */ = {
			isa = PBXContainerItemProxy;
			containerPortal = EED116DE29A04548009D939E /* Project object */;
			proxyType = 1;
			remoteGlobalIDString = EED116E529A04548009D939E;
			remoteInfo = CabifyChallengeTCA;
		};
/* End PBXContainerItemProxy section */

/* Begin PBXFileReference section */
		EE1F9CAD29A1794900C04048 /* CheckoutStyle.swift */ = {isa = PBXFileReference; lastKnownFileType = sourcecode.swift; path = CheckoutStyle.swift; sourceTree = "<group>"; };
		EE1F9CB029A17F6800C04048 /* CheckoutList.swift */ = {isa = PBXFileReference; lastKnownFileType = sourcecode.swift; path = CheckoutList.swift; sourceTree = "<group>"; };
		EE1F9CB229A188AB00C04048 /* ProductGroupCell.swift */ = {isa = PBXFileReference; lastKnownFileType = sourcecode.swift; path = ProductGroupCell.swift; sourceTree = "<group>"; };
		EED116E629A04549009D939E /* CabifyChallengeTCA.app */ = {isa = PBXFileReference; explicitFileType = wrapper.application; includeInIndex = 0; path = CabifyChallengeTCA.app; sourceTree = BUILT_PRODUCTS_DIR; };
		EED116E929A04549009D939E /* CabifyChallengeTCAApp.swift */ = {isa = PBXFileReference; lastKnownFileType = sourcecode.swift; path = CabifyChallengeTCAApp.swift; sourceTree = "<group>"; };
		EED116ED29A0454A009D939E /* Assets.xcassets */ = {isa = PBXFileReference; lastKnownFileType = folder.assetcatalog; path = Assets.xcassets; sourceTree = "<group>"; };
		EED116F029A0454A009D939E /* Preview Assets.xcassets */ = {isa = PBXFileReference; lastKnownFileType = folder.assetcatalog; path = "Preview Assets.xcassets"; sourceTree = "<group>"; };
		EED116F629A0454A009D939E /* CabifyChallengeTCATests.xctest */ = {isa = PBXFileReference; explicitFileType = wrapper.cfbundle; includeInIndex = 0; path = CabifyChallengeTCATests.xctest; sourceTree = BUILT_PRODUCTS_DIR; };
		EED116FA29A0454A009D939E /* CabifyChallengeTCATests.swift */ = {isa = PBXFileReference; lastKnownFileType = sourcecode.swift; path = CabifyChallengeTCATests.swift; sourceTree = "<group>"; };
		EED1171629A04A54009D939E /* PlusMinusButtonDomain.swift */ = {isa = PBXFileReference; lastKnownFileType = sourcecode.swift; path = PlusMinusButtonDomain.swift; sourceTree = "<group>"; };
		EED1171829A0DE4A009D939E /* PlusMinusButton.swift */ = {isa = PBXFileReference; lastKnownFileType = sourcecode.swift; path = PlusMinusButton.swift; sourceTree = "<group>"; };
		EED1171F29A0E409009D939E /* Product.swift */ = {isa = PBXFileReference; fileEncoding = 4; lastKnownFileType = sourcecode.swift; path = Product.swift; sourceTree = "<group>"; };
		EED1172329A0E43A009D939E /* Discount.swift */ = {isa = PBXFileReference; lastKnownFileType = sourcecode.swift; path = Discount.swift; sourceTree = "<group>"; };
		EED1172529A0E444009D939E /* Bulk.swift */ = {isa = PBXFileReference; lastKnownFileType = sourcecode.swift; path = Bulk.swift; sourceTree = "<group>"; };
		EED1172929A0E45D009D939E /* TwoForOne.swift */ = {isa = PBXFileReference; fileEncoding = 4; lastKnownFileType = sourcecode.swift; path = TwoForOne.swift; sourceTree = "<group>"; };
		EED1172C29A0E4BC009D939E /* ProductDomain.swift */ = {isa = PBXFileReference; lastKnownFileType = sourcecode.swift; path = ProductDomain.swift; sourceTree = "<group>"; };
		EED1172E29A0E8A6009D939E /* ProductCell.swift */ = {isa = PBXFileReference; lastKnownFileType = sourcecode.swift; path = ProductCell.swift; sourceTree = "<group>"; };
		EED1173029A0E97B009D939E /* MockFactory.swift */ = {isa = PBXFileReference; fileEncoding = 4; lastKnownFileType = sourcecode.swift; path = MockFactory.swift; sourceTree = "<group>"; };
		EED1173229A0E9F8009D939E /* Extensions.swift */ = {isa = PBXFileReference; fileEncoding = 4; lastKnownFileType = sourcecode.swift; path = Extensions.swift; sourceTree = "<group>"; };
		EED1173529A0F70D009D939E /* ProductListDomain.swift */ = {isa = PBXFileReference; lastKnownFileType = sourcecode.swift; path = ProductListDomain.swift; sourceTree = "<group>"; };
		EED1173729A104EC009D939E /* ProductListView.swift */ = {isa = PBXFileReference; lastKnownFileType = sourcecode.swift; path = ProductListView.swift; sourceTree = "<group>"; };
		EED1173A29A14446009D939E /* CheckoutListDomain.swift */ = {isa = PBXFileReference; lastKnownFileType = sourcecode.swift; path = CheckoutListDomain.swift; sourceTree = "<group>"; };
		EED1173C29A144F7009D939E /* ProductGroup.swift */ = {isa = PBXFileReference; fileEncoding = 4; lastKnownFileType = sourcecode.swift; path = ProductGroup.swift; sourceTree = "<group>"; };
		EED1173F29A14678009D939E /* ProductGroupDomain.swift */ = {isa = PBXFileReference; lastKnownFileType = sourcecode.swift; path = ProductGroupDomain.swift; sourceTree = "<group>"; };
/* End PBXFileReference section */

/* Begin PBXFrameworksBuildPhase section */
		EED116E329A04548009D939E /* Frameworks */ = {
			isa = PBXFrameworksBuildPhase;
			buildActionMask = 2147483647;
			files = (
				EED1171529A04603009D939E /* ComposableArchitecture in Frameworks */,
			);
			runOnlyForDeploymentPostprocessing = 0;
		};
		EED116F329A0454A009D939E /* Frameworks */ = {
			isa = PBXFrameworksBuildPhase;
			buildActionMask = 2147483647;
			files = (
			);
			runOnlyForDeploymentPostprocessing = 0;
		};
/* End PBXFrameworksBuildPhase section */

/* Begin PBXGroup section */
		EE1F9CAF29A1798000C04048 /* CheckoutList */ = {
			isa = PBXGroup;
			children = (
				EED1173A29A14446009D939E /* CheckoutListDomain.swift */,
				EE1F9CB029A17F6800C04048 /* CheckoutList.swift */,
			);
			path = CheckoutList;
			sourceTree = "<group>";
		};
		EED116DD29A04548009D939E = {
			isa = PBXGroup;
			children = (
				EED116E829A04549009D939E /* CabifyChallengeTCA */,
				EED116F929A0454A009D939E /* CabifyChallengeTCATests */,
				EED116E729A04549009D939E /* Products */,
			);
			sourceTree = "<group>";
		};
		EED116E729A04549009D939E /* Products */ = {
			isa = PBXGroup;
			children = (
				EED116E629A04549009D939E /* CabifyChallengeTCA.app */,
				EED116F629A0454A009D939E /* CabifyChallengeTCATests.xctest */,
			);
			name = Products;
			sourceTree = "<group>";
		};
		EED116E829A04549009D939E /* CabifyChallengeTCA */ = {
			isa = PBXGroup;
			children = (
				EED1171E29A0E3B9009D939E /* Main */,
				EED1173E29A1454E009D939E /* Store */,
				EED1173929A14433009D939E /* Checkout */,
				EED116EF29A0454A009D939E /* Preview Content */,
			);
			path = CabifyChallengeTCA;
			sourceTree = "<group>";
		};
		EED116EF29A0454A009D939E /* Preview Content */ = {
			isa = PBXGroup;
			children = (
				EED116F029A0454A009D939E /* Preview Assets.xcassets */,
			);
			path = "Preview Content";
			sourceTree = "<group>";
		};
		EED116F929A0454A009D939E /* CabifyChallengeTCATests */ = {
			isa = PBXGroup;
			children = (
				EED116FA29A0454A009D939E /* CabifyChallengeTCATests.swift */,
			);
			path = CabifyChallengeTCATests;
			sourceTree = "<group>";
		};
		EED1171A29A0DECA009D939E /* PlusMinusButton */ = {
			isa = PBXGroup;
			children = (
				EED1171629A04A54009D939E /* PlusMinusButtonDomain.swift */,
				EED1171829A0DE4A009D939E /* PlusMinusButton.swift */,
			);
			path = PlusMinusButton;
			sourceTree = "<group>";
		};
		EED1171D29A0E3AC009D939E /* Product */ = {
			isa = PBXGroup;
			children = (
				EED1172B29A0E4A6009D939E /* Model */,
				EED1172C29A0E4BC009D939E /* ProductDomain.swift */,
				EED1172E29A0E8A6009D939E /* ProductCell.swift */,
			);
			path = Product;
			sourceTree = "<group>";
		};
		EED1171E29A0E3B9009D939E /* Main */ = {
			isa = PBXGroup;
			children = (
				EED116E929A04549009D939E /* CabifyChallengeTCAApp.swift */,
				EED1173229A0E9F8009D939E /* Extensions.swift */,
				EE1F9CAD29A1794900C04048 /* CheckoutStyle.swift */,
				EED116ED29A0454A009D939E /* Assets.xcassets */,
			);
			path = Main;
			sourceTree = "<group>";
		};
		EED1172B29A0E4A6009D939E /* Model */ = {
			isa = PBXGroup;
			children = (
				EED1173029A0E97B009D939E /* MockFactory.swift */,
				EED1171F29A0E409009D939E /* Product.swift */,
				EED1172329A0E43A009D939E /* Discount.swift */,
				EED1172529A0E444009D939E /* Bulk.swift */,
				EED1172929A0E45D009D939E /* TwoForOne.swift */,
			);
			path = Model;
			sourceTree = "<group>";
		};
		EED1173429A0F6F1009D939E /* ProductList */ = {
			isa = PBXGroup;
			children = (
				EED1173529A0F70D009D939E /* ProductListDomain.swift */,
				EED1173729A104EC009D939E /* ProductListView.swift */,
			);
			path = ProductList;
			sourceTree = "<group>";
		};
		EED1173929A14433009D939E /* Checkout */ = {
			isa = PBXGroup;
			children = (
				EED1174129A14682009D939E /* ProductGroup */,
				EE1F9CAF29A1798000C04048 /* CheckoutList */,
			);
			path = Checkout;
			sourceTree = "<group>";
		};
		EED1173E29A1454E009D939E /* Store */ = {
			isa = PBXGroup;
			children = (
				EED1171A29A0DECA009D939E /* PlusMinusButton */,
				EED1171D29A0E3AC009D939E /* Product */,
				EED1173429A0F6F1009D939E /* ProductList */,
			);
			path = Store;
			sourceTree = "<group>";
		};
		EED1174129A14682009D939E /* ProductGroup */ = {
			isa = PBXGroup;
			children = (
				EED1173C29A144F7009D939E /* ProductGroup.swift */,
				EED1173F29A14678009D939E /* ProductGroupDomain.swift */,
				EE1F9CB229A188AB00C04048 /* ProductGroupCell.swift */,
			);
			path = ProductGroup;
			sourceTree = "<group>";
		};
/* End PBXGroup section */

/* Begin PBXNativeTarget section */
		EED116E529A04548009D939E /* CabifyChallengeTCA */ = {
			isa = PBXNativeTarget;
			buildConfigurationList = EED1170A29A0454A009D939E /* Build configuration list for PBXNativeTarget "CabifyChallengeTCA" */;
			buildPhases = (
				EED116E229A04548009D939E /* Sources */,
				EED116E329A04548009D939E /* Frameworks */,
				EED116E429A04548009D939E /* Resources */,
			);
			buildRules = (
			);
			dependencies = (
			);
			name = CabifyChallengeTCA;
			packageProductDependencies = (
				EED1171429A04603009D939E /* ComposableArchitecture */,
			);
			productName = CabifyChallengeTCA;
			productReference = EED116E629A04549009D939E /* CabifyChallengeTCA.app */;
			productType = "com.apple.product-type.application";
		};
		EED116F529A0454A009D939E /* CabifyChallengeTCATests */ = {
			isa = PBXNativeTarget;
			buildConfigurationList = EED1170D29A0454A009D939E /* Build configuration list for PBXNativeTarget "CabifyChallengeTCATests" */;
			buildPhases = (
				EED116F229A0454A009D939E /* Sources */,
				EED116F329A0454A009D939E /* Frameworks */,
				EED116F429A0454A009D939E /* Resources */,
			);
			buildRules = (
			);
			dependencies = (
				EED116F829A0454A009D939E /* PBXTargetDependency */,
			);
			name = CabifyChallengeTCATests;
			productName = CabifyChallengeTCATests;
			productReference = EED116F629A0454A009D939E /* CabifyChallengeTCATests.xctest */;
			productType = "com.apple.product-type.bundle.unit-test";
		};
/* End PBXNativeTarget section */

/* Begin PBXProject section */
		EED116DE29A04548009D939E /* Project object */ = {
			isa = PBXProject;
			attributes = {
				BuildIndependentTargetsInParallel = 1;
				LastSwiftUpdateCheck = 1410;
				LastUpgradeCheck = 1410;
				TargetAttributes = {
					EED116E529A04548009D939E = {
						CreatedOnToolsVersion = 14.1;
					};
					EED116F529A0454A009D939E = {
						CreatedOnToolsVersion = 14.1;
						TestTargetID = EED116E529A04548009D939E;
					};
				};
			};
			buildConfigurationList = EED116E129A04548009D939E /* Build configuration list for PBXProject "CabifyChallengeTCA" */;
			compatibilityVersion = "Xcode 14.0";
			developmentRegion = en;
			hasScannedForEncodings = 0;
			knownRegions = (
				en,
				Base,
			);
			mainGroup = EED116DD29A04548009D939E;
			packageReferences = (
				EED1171329A04603009D939E /* XCRemoteSwiftPackageReference "swift-composable-architecture" */,
			);
			productRefGroup = EED116E729A04549009D939E /* Products */;
			projectDirPath = "";
			projectRoot = "";
			targets = (
				EED116E529A04548009D939E /* CabifyChallengeTCA */,
				EED116F529A0454A009D939E /* CabifyChallengeTCATests */,
			);
		};
/* End PBXProject section */

/* Begin PBXResourcesBuildPhase section */
		EED116E429A04548009D939E /* Resources */ = {
			isa = PBXResourcesBuildPhase;
			buildActionMask = 2147483647;
			files = (
				EED116F129A0454A009D939E /* Preview Assets.xcassets in Resources */,
				EED116EE29A0454A009D939E /* Assets.xcassets in Resources */,
			);
			runOnlyForDeploymentPostprocessing = 0;
		};
		EED116F429A0454A009D939E /* Resources */ = {
			isa = PBXResourcesBuildPhase;
			buildActionMask = 2147483647;
			files = (
			);
			runOnlyForDeploymentPostprocessing = 0;
		};
/* End PBXResourcesBuildPhase section */

/* Begin PBXSourcesBuildPhase section */
		EED116E229A04548009D939E /* Sources */ = {
			isa = PBXSourcesBuildPhase;
			buildActionMask = 2147483647;
			files = (
				EED1171929A0DE4A009D939E /* PlusMinusButton.swift in Sources */,
				EE1F9CB129A17F6800C04048 /* CheckoutList.swift in Sources */,
				EED1173B29A14446009D939E /* CheckoutListDomain.swift in Sources */,
				EED1172D29A0E4BC009D939E /* ProductDomain.swift in Sources */,
				EED1173129A0E97B009D939E /* MockFactory.swift in Sources */,
				EED1173D29A144F7009D939E /* ProductGroup.swift in Sources */,
				EED1171729A04A54009D939E /* PlusMinusButtonDomain.swift in Sources */,
				EED1172429A0E43A009D939E /* Discount.swift in Sources */,
				EED1172629A0E444009D939E /* Bulk.swift in Sources */,
				EED1173629A0F70D009D939E /* ProductListDomain.swift in Sources */,
				EE1F9CB329A188AB00C04048 /* ProductGroupCell.swift in Sources */,
				EED1174029A14678009D939E /* ProductGroupDomain.swift in Sources */,
				EE1F9CAE29A1794900C04048 /* CheckoutStyle.swift in Sources */,
				EED1172029A0E409009D939E /* Product.swift in Sources */,
				EED1173329A0E9F8009D939E /* Extensions.swift in Sources */,
				EED1172A29A0E45D009D939E /* TwoForOne.swift in Sources */,
				EED1172F29A0E8A6009D939E /* ProductCell.swift in Sources */,
				EED116EA29A04549009D939E /* CabifyChallengeTCAApp.swift in Sources */,
				EED1173829A104EC009D939E /* ProductListView.swift in Sources */,
			);
			runOnlyForDeploymentPostprocessing = 0;
		};
		EED116F229A0454A009D939E /* Sources */ = {
			isa = PBXSourcesBuildPhase;
			buildActionMask = 2147483647;
			files = (
				EED116FB29A0454A009D939E /* CabifyChallengeTCATests.swift in Sources */,
			);
			runOnlyForDeploymentPostprocessing = 0;
		};
/* End PBXSourcesBuildPhase section */

/* Begin PBXTargetDependency section */
		EED116F829A0454A009D939E /* PBXTargetDependency */ = {
			isa = PBXTargetDependency;
			target = EED116E529A04548009D939E /* CabifyChallengeTCA */;
			targetProxy = EED116F729A0454A009D939E /* PBXContainerItemProxy */;
		};
/* End PBXTargetDependency section */

/* Begin XCBuildConfiguration section */
		EED1170829A0454A009D939E /* Debug */ = {
			isa = XCBuildConfiguration;
			buildSettings = {
				ALWAYS_SEARCH_USER_PATHS = NO;
				CLANG_ANALYZER_NONNULL = YES;
				CLANG_ANALYZER_NUMBER_OBJECT_CONVERSION = YES_AGGRESSIVE;
				CLANG_CXX_LANGUAGE_STANDARD = "gnu++20";
				CLANG_ENABLE_MODULES = YES;
				CLANG_ENABLE_OBJC_ARC = YES;
				CLANG_ENABLE_OBJC_WEAK = YES;
				CLANG_WARN_BLOCK_CAPTURE_AUTORELEASING = YES;
				CLANG_WARN_BOOL_CONVERSION = YES;
				CLANG_WARN_COMMA = YES;
				CLANG_WARN_CONSTANT_CONVERSION = YES;
				CLANG_WARN_DEPRECATED_OBJC_IMPLEMENTATIONS = YES;
				CLANG_WARN_DIRECT_OBJC_ISA_USAGE = YES_ERROR;
				CLANG_WARN_DOCUMENTATION_COMMENTS = YES;
				CLANG_WARN_EMPTY_BODY = YES;
				CLANG_WARN_ENUM_CONVERSION = YES;
				CLANG_WARN_INFINITE_RECURSION = YES;
				CLANG_WARN_INT_CONVERSION = YES;
				CLANG_WARN_NON_LITERAL_NULL_CONVERSION = YES;
				CLANG_WARN_OBJC_IMPLICIT_RETAIN_SELF = YES;
				CLANG_WARN_OBJC_LITERAL_CONVERSION = YES;
				CLANG_WARN_OBJC_ROOT_CLASS = YES_ERROR;
				CLANG_WARN_QUOTED_INCLUDE_IN_FRAMEWORK_HEADER = YES;
				CLANG_WARN_RANGE_LOOP_ANALYSIS = YES;
				CLANG_WARN_STRICT_PROTOTYPES = YES;
				CLANG_WARN_SUSPICIOUS_MOVE = YES;
				CLANG_WARN_UNGUARDED_AVAILABILITY = YES_AGGRESSIVE;
				CLANG_WARN_UNREACHABLE_CODE = YES;
				CLANG_WARN__DUPLICATE_METHOD_MATCH = YES;
				COPY_PHASE_STRIP = NO;
				DEBUG_INFORMATION_FORMAT = dwarf;
				ENABLE_STRICT_OBJC_MSGSEND = YES;
				ENABLE_TESTABILITY = YES;
				GCC_C_LANGUAGE_STANDARD = gnu11;
				GCC_DYNAMIC_NO_PIC = NO;
				GCC_NO_COMMON_BLOCKS = YES;
				GCC_OPTIMIZATION_LEVEL = 0;
				GCC_PREPROCESSOR_DEFINITIONS = (
					"DEBUG=1",
					"$(inherited)",
				);
				GCC_WARN_64_TO_32_BIT_CONVERSION = YES;
				GCC_WARN_ABOUT_RETURN_TYPE = YES_ERROR;
				GCC_WARN_UNDECLARED_SELECTOR = YES;
				GCC_WARN_UNINITIALIZED_AUTOS = YES_AGGRESSIVE;
				GCC_WARN_UNUSED_FUNCTION = YES;
				GCC_WARN_UNUSED_VARIABLE = YES;
				IPHONEOS_DEPLOYMENT_TARGET = 16.1;
				MTL_ENABLE_DEBUG_INFO = INCLUDE_SOURCE;
				MTL_FAST_MATH = YES;
				ONLY_ACTIVE_ARCH = YES;
				SDKROOT = iphoneos;
				SWIFT_ACTIVE_COMPILATION_CONDITIONS = DEBUG;
				SWIFT_OPTIMIZATION_LEVEL = "-Onone";
			};
			name = Debug;
		};
		EED1170929A0454A009D939E /* Release */ = {
			isa = XCBuildConfiguration;
			buildSettings = {
				ALWAYS_SEARCH_USER_PATHS = NO;
				CLANG_ANALYZER_NONNULL = YES;
				CLANG_ANALYZER_NUMBER_OBJECT_CONVERSION = YES_AGGRESSIVE;
				CLANG_CXX_LANGUAGE_STANDARD = "gnu++20";
				CLANG_ENABLE_MODULES = YES;
				CLANG_ENABLE_OBJC_ARC = YES;
				CLANG_ENABLE_OBJC_WEAK = YES;
				CLANG_WARN_BLOCK_CAPTURE_AUTORELEASING = YES;
				CLANG_WARN_BOOL_CONVERSION = YES;
				CLANG_WARN_COMMA = YES;
				CLANG_WARN_CONSTANT_CONVERSION = YES;
				CLANG_WARN_DEPRECATED_OBJC_IMPLEMENTATIONS = YES;
				CLANG_WARN_DIRECT_OBJC_ISA_USAGE = YES_ERROR;
				CLANG_WARN_DOCUMENTATION_COMMENTS = YES;
				CLANG_WARN_EMPTY_BODY = YES;
				CLANG_WARN_ENUM_CONVERSION = YES;
				CLANG_WARN_INFINITE_RECURSION = YES;
				CLANG_WARN_INT_CONVERSION = YES;
				CLANG_WARN_NON_LITERAL_NULL_CONVERSION = YES;
				CLANG_WARN_OBJC_IMPLICIT_RETAIN_SELF = YES;
				CLANG_WARN_OBJC_LITERAL_CONVERSION = YES;
				CLANG_WARN_OBJC_ROOT_CLASS = YES_ERROR;
				CLANG_WARN_QUOTED_INCLUDE_IN_FRAMEWORK_HEADER = YES;
				CLANG_WARN_RANGE_LOOP_ANALYSIS = YES;
				CLANG_WARN_STRICT_PROTOTYPES = YES;
				CLANG_WARN_SUSPICIOUS_MOVE = YES;
				CLANG_WARN_UNGUARDED_AVAILABILITY = YES_AGGRESSIVE;
				CLANG_WARN_UNREACHABLE_CODE = YES;
				CLANG_WARN__DUPLICATE_METHOD_MATCH = YES;
				COPY_PHASE_STRIP = NO;
				DEBUG_INFORMATION_FORMAT = "dwarf-with-dsym";
				ENABLE_NS_ASSERTIONS = NO;
				ENABLE_STRICT_OBJC_MSGSEND = YES;
				GCC_C_LANGUAGE_STANDARD = gnu11;
				GCC_NO_COMMON_BLOCKS = YES;
				GCC_WARN_64_TO_32_BIT_CONVERSION = YES;
				GCC_WARN_ABOUT_RETURN_TYPE = YES_ERROR;
				GCC_WARN_UNDECLARED_SELECTOR = YES;
				GCC_WARN_UNINITIALIZED_AUTOS = YES_AGGRESSIVE;
				GCC_WARN_UNUSED_FUNCTION = YES;
				GCC_WARN_UNUSED_VARIABLE = YES;
				IPHONEOS_DEPLOYMENT_TARGET = 16.1;
				MTL_ENABLE_DEBUG_INFO = NO;
				MTL_FAST_MATH = YES;
				SDKROOT = iphoneos;
				SWIFT_COMPILATION_MODE = wholemodule;
				SWIFT_OPTIMIZATION_LEVEL = "-O";
				VALIDATE_PRODUCT = YES;
			};
			name = Release;
		};
		EED1170B29A0454A009D939E /* Debug */ = {
			isa = XCBuildConfiguration;
			buildSettings = {
				ASSETCATALOG_COMPILER_APPICON_NAME = AppIcon;
				ASSETCATALOG_COMPILER_GLOBAL_ACCENT_COLOR_NAME = AccentColor;
				CODE_SIGN_STYLE = Automatic;
				CURRENT_PROJECT_VERSION = 1;
				DEVELOPMENT_ASSET_PATHS = "\"CabifyChallengeTCA/Preview Content\"";
				ENABLE_PREVIEWS = YES;
				GENERATE_INFOPLIST_FILE = YES;
				INFOPLIST_KEY_UIApplicationSceneManifest_Generation = YES;
				INFOPLIST_KEY_UIApplicationSupportsIndirectInputEvents = YES;
				INFOPLIST_KEY_UILaunchScreen_Generation = YES;
				INFOPLIST_KEY_UISupportedInterfaceOrientations_iPad = "UIInterfaceOrientationPortrait UIInterfaceOrientationPortraitUpsideDown UIInterfaceOrientationLandscapeLeft UIInterfaceOrientationLandscapeRight";
				INFOPLIST_KEY_UISupportedInterfaceOrientations_iPhone = "UIInterfaceOrientationPortrait UIInterfaceOrientationLandscapeLeft UIInterfaceOrientationLandscapeRight";
				LD_RUNPATH_SEARCH_PATHS = (
					"$(inherited)",
					"@executable_path/Frameworks",
				);
				MARKETING_VERSION = 1.0;
				PRODUCT_BUNDLE_IDENTIFIER = marcosiracusano.CabifyChallengeTCA;
				PRODUCT_NAME = "$(TARGET_NAME)";
				SWIFT_EMIT_LOC_STRINGS = YES;
				SWIFT_VERSION = 5.0;
				TARGETED_DEVICE_FAMILY = "1,2";
			};
			name = Debug;
		};
		EED1170C29A0454A009D939E /* Release */ = {
			isa = XCBuildConfiguration;
			buildSettings = {
				ASSETCATALOG_COMPILER_APPICON_NAME = AppIcon;
				ASSETCATALOG_COMPILER_GLOBAL_ACCENT_COLOR_NAME = AccentColor;
				CODE_SIGN_STYLE = Automatic;
				CURRENT_PROJECT_VERSION = 1;
				DEVELOPMENT_ASSET_PATHS = "\"CabifyChallengeTCA/Preview Content\"";
				ENABLE_PREVIEWS = YES;
				GENERATE_INFOPLIST_FILE = YES;
				INFOPLIST_KEY_UIApplicationSceneManifest_Generation = YES;
				INFOPLIST_KEY_UIApplicationSupportsIndirectInputEvents = YES;
				INFOPLIST_KEY_UILaunchScreen_Generation = YES;
				INFOPLIST_KEY_UISupportedInterfaceOrientations_iPad = "UIInterfaceOrientationPortrait UIInterfaceOrientationPortraitUpsideDown UIInterfaceOrientationLandscapeLeft UIInterfaceOrientationLandscapeRight";
				INFOPLIST_KEY_UISupportedInterfaceOrientations_iPhone = "UIInterfaceOrientationPortrait UIInterfaceOrientationLandscapeLeft UIInterfaceOrientationLandscapeRight";
				LD_RUNPATH_SEARCH_PATHS = (
					"$(inherited)",
					"@executable_path/Frameworks",
				);
				MARKETING_VERSION = 1.0;
				PRODUCT_BUNDLE_IDENTIFIER = marcosiracusano.CabifyChallengeTCA;
				PRODUCT_NAME = "$(TARGET_NAME)";
				SWIFT_EMIT_LOC_STRINGS = YES;
				SWIFT_VERSION = 5.0;
				TARGETED_DEVICE_FAMILY = "1,2";
			};
			name = Release;
		};
		EED1170E29A0454A009D939E /* Debug */ = {
			isa = XCBuildConfiguration;
			buildSettings = {
				ALWAYS_EMBED_SWIFT_STANDARD_LIBRARIES = YES;
				BUNDLE_LOADER = "$(TEST_HOST)";
				CODE_SIGN_STYLE = Automatic;
				CURRENT_PROJECT_VERSION = 1;
				GENERATE_INFOPLIST_FILE = YES;
				IPHONEOS_DEPLOYMENT_TARGET = 16.1;
				MARKETING_VERSION = 1.0;
				PRODUCT_BUNDLE_IDENTIFIER = marcosiracusano.CabifyChallengeTCATests;
				PRODUCT_NAME = "$(TARGET_NAME)";
				SWIFT_EMIT_LOC_STRINGS = NO;
				SWIFT_VERSION = 5.0;
				TARGETED_DEVICE_FAMILY = "1,2";
				TEST_HOST = "$(BUILT_PRODUCTS_DIR)/CabifyChallengeTCA.app/$(BUNDLE_EXECUTABLE_FOLDER_PATH)/CabifyChallengeTCA";
			};
			name = Debug;
		};
		EED1170F29A0454A009D939E /* Release */ = {
			isa = XCBuildConfiguration;
			buildSettings = {
				ALWAYS_EMBED_SWIFT_STANDARD_LIBRARIES = YES;
				BUNDLE_LOADER = "$(TEST_HOST)";
				CODE_SIGN_STYLE = Automatic;
				CURRENT_PROJECT_VERSION = 1;
				GENERATE_INFOPLIST_FILE = YES;
				IPHONEOS_DEPLOYMENT_TARGET = 16.1;
				MARKETING_VERSION = 1.0;
				PRODUCT_BUNDLE_IDENTIFIER = marcosiracusano.CabifyChallengeTCATests;
				PRODUCT_NAME = "$(TARGET_NAME)";
				SWIFT_EMIT_LOC_STRINGS = NO;
				SWIFT_VERSION = 5.0;
				TARGETED_DEVICE_FAMILY = "1,2";
				TEST_HOST = "$(BUILT_PRODUCTS_DIR)/CabifyChallengeTCA.app/$(BUNDLE_EXECUTABLE_FOLDER_PATH)/CabifyChallengeTCA";
			};
			name = Release;
		};
/* End XCBuildConfiguration section */

/* Begin XCConfigurationList section */
		EED116E129A04548009D939E /* Build configuration list for PBXProject "CabifyChallengeTCA" */ = {
			isa = XCConfigurationList;
			buildConfigurations = (
				EED1170829A0454A009D939E /* Debug */,
				EED1170929A0454A009D939E /* Release */,
			);
			defaultConfigurationIsVisible = 0;
			defaultConfigurationName = Release;
		};
		EED1170A29A0454A009D939E /* Build configuration list for PBXNativeTarget "CabifyChallengeTCA" */ = {
			isa = XCConfigurationList;
			buildConfigurations = (
				EED1170B29A0454A009D939E /* Debug */,
				EED1170C29A0454A009D939E /* Release */,
			);
			defaultConfigurationIsVisible = 0;
			defaultConfigurationName = Release;
		};
		EED1170D29A0454A009D939E /* Build configuration list for PBXNativeTarget "CabifyChallengeTCATests" */ = {
			isa = XCConfigurationList;
			buildConfigurations = (
				EED1170E29A0454A009D939E /* Debug */,
				EED1170F29A0454A009D939E /* Release */,
			);
			defaultConfigurationIsVisible = 0;
			defaultConfigurationName = Release;
		};
/* End XCConfigurationList section */

/* Begin XCRemoteSwiftPackageReference section */
		EED1171329A04603009D939E /* XCRemoteSwiftPackageReference "swift-composable-architecture" */ = {
			isa = XCRemoteSwiftPackageReference;
			repositoryURL = "https://github.com/pointfreeco/swift-composable-architecture";
			requirement = {
				kind = upToNextMajorVersion;
				minimumVersion = 0.9.0;
			};
		};
/* End XCRemoteSwiftPackageReference section */

/* Begin XCSwiftPackageProductDependency section */
		EED1171429A04603009D939E /* ComposableArchitecture */ = {
			isa = XCSwiftPackageProductDependency;
			package = EED1171329A04603009D939E /* XCRemoteSwiftPackageReference "swift-composable-architecture" */;
			productName = ComposableArchitecture;
		};
/* End XCSwiftPackageProductDependency section */
	};
	rootObject = EED116DE29A04548009D939E /* Project object */;
}
